
Microsoft Visual Studio Solution File, Format Version 12.00
# Visual Studio 14
VisualStudioVersion = 14.0.24720.0
MinimumVisualStudioVersion = 10.0.40219.1
Project("{FAE04EC0-301F-11D3-BF4B-00C04F79EFBC}") = "TextCanvas", "TextCanvas\TextCanvas.csproj", "{5481123D-C20D-443B-B5AC-EABEACDB7FE1}"
EndProject
Project("{FAE04EC0-301F-11D3-BF4B-00C04F79EFBC}") = "DataAccessLayer", "DataAccessLayer\DataAccessLayer.csproj", "{FCC92ADC-DE8D-40F1-9224-EA4F19EA7124}"
EndProject
Project("{FAE04EC0-301F-11D3-BF4B-00C04F79EFBC}") = "BusinessLayer", "BusinessLayer\BusinessLayer.csproj", "{AD3B54D9-60F2-445B-99E0-B2658A975A45}"
EndProject
Project("{FAE04EC0-301F-11D3-BF4B-00C04F79EFBC}") = "Models", "Models\Models.csproj", "{80867667-A095-4319-AFDE-F42C2E762634}"
EndProject
Project("{FAE04EC0-301F-11D3-BF4B-00C04F79EFBC}") = "TopStudentServerService", "TopStudentServerService\TopStudentServerService.csproj", "{2CD8070D-3B40-4088-BB6F-B0B8E98203FC}"
EndProject
Project("{2150E333-8FDC-42A3-9474-1A3956D46DE8}") = "Server", "Server", "{BF15FE22-35E5-4F14-AAE2-6BCB7E8C813F}"
EndProject
Project("{2150E333-8FDC-42A3-9474-1A3956D46DE8}") = "DAL", "DAL", "{38CF0928-843C-4E85-8376-E04E03688740}"
EndProject
Project("{FAE04EC0-301F-11D3-BF4B-00C04F79EFBC}") = "TopStudent.ExerciseJoy.IDAL", "TopStudent.ExerciseJoy.IDAL\TopStudent.ExerciseJoy.IDAL.csproj", "{994FBDA5-291E-40FA-883D-9BA0FDCA2D9B}"
EndProject
Project("{FAE04EC0-301F-11D3-BF4B-00C04F79EFBC}") = "TopStudent.ExerciseJoy.DAL.Factory", "TopStudent.ExerciseJoy.DAL.Factory\TopStudent.ExerciseJoy.DAL.Factory.csproj", "{D551E757-0B2B-4A17-8027-74537A05B8E6}"
EndProject
Project("{FAE04EC0-301F-11D3-BF4B-00C04F79EFBC}") = "TopStudent.ExerciseJoy.MysqlDAL", "TopStudent.ExerciseJoy.MysqlDAL\TopStudent.ExerciseJoy.MysqlDAL.csproj", "{B96805F1-DB0B-4C87-AE98-874E829BF441}"
EndProject
Project("{FAE04EC0-301F-11D3-BF4B-00C04F79EFBC}") = "TopStudent.ExerciseJoy.Entities", "TopStudent.ExerciseJoy.Entities\TopStudent.ExerciseJoy.Entities.csproj", "{E3DC6994-A714-4C42-9B51-A1E146D26A7B}"
EndProject
Project("{FAE04EC0-301F-11D3-BF4B-00C04F79EFBC}") = "TopStudent.ExerciseJoy.DAL.Business", "TopStudent.ExerciseJoy.DAL.Business\TopStudent.ExerciseJoy.DAL.Business.csproj", "{65AC0E8F-5C16-47DE-9749-1624900A5B7B}"
EndProject
Global
	GlobalSection(SolutionConfigurationPlatforms) = preSolution
		Debug|Any CPU = Debug|Any CPU
		Release|Any CPU = Release|Any CPU
	EndGlobalSection
	GlobalSection(ProjectConfigurationPlatforms) = postSolution
		{5481123D-C20D-443B-B5AC-EABEACDB7FE1}.Debug|Any CPU.ActiveCfg = Debug|Any CPU
		{5481123D-C20D-443B-B5AC-EABEACDB7FE1}.Debug|Any CPU.Build.0 = Debug|Any CPU
		{5481123D-C20D-443B-B5AC-EABEACDB7FE1}.Release|Any CPU.ActiveCfg = Release|Any CPU
		{5481123D-C20D-443B-B5AC-EABEACDB7FE1}.Release|Any CPU.Build.0 = Release|Any CPU
		{FCC92ADC-DE8D-40F1-9224-EA4F19EA7124}.Debug|Any CPU.ActiveCfg = Debug|Any CPU
		{FCC92ADC-DE8D-40F1-9224-EA4F19EA7124}.Debug|Any CPU.Build.0 = Debug|Any CPU
		{FCC92ADC-DE8D-40F1-9224-EA4F19EA7124}.Release|Any CPU.ActiveCfg = Release|Any CPU
		{FCC92ADC-DE8D-40F1-9224-EA4F19EA7124}.Release|Any CPU.Build.0 = Release|Any CPU
		{AD3B54D9-60F2-445B-99E0-B2658A975A45}.Debug|Any CPU.ActiveCfg = Debug|Any CPU
		{AD3B54D9-60F2-445B-99E0-B2658A975A45}.Debug|Any CPU.Build.0 = Debug|Any CPU
		{AD3B54D9-60F2-445B-99E0-B2658A975A45}.Release|Any CPU.ActiveCfg = Release|Any CPU
		{AD3B54D9-60F2-445B-99E0-B2658A975A45}.Release|Any CPU.Build.0 = Release|Any CPU
		{80867667-A095-4319-AFDE-F42C2E762634}.Debug|Any CPU.ActiveCfg = Debug|Any CPU
		{80867667-A095-4319-AFDE-F42C2E762634}.Debug|Any CPU.Build.0 = Debug|Any CPU
		{80867667-A095-4319-AFDE-F42C2E762634}.Release|Any CPU.ActiveCfg = Release|Any CPU
		{80867667-A095-4319-AFDE-F42C2E762634}.Release|Any CPU.Build.0 = Release|Any CPU
		{2CD8070D-3B40-4088-BB6F-B0B8E98203FC}.Debug|Any CPU.ActiveCfg = Debug|Any CPU
		{2CD8070D-3B40-4088-BB6F-B0B8E98203FC}.Debug|Any CPU.Build.0 = Debug|Any CPU
		{2CD8070D-3B40-4088-BB6F-B0B8E98203FC}.Release|Any CPU.ActiveCfg = Release|Any CPU
		{2CD8070D-3B40-4088-BB6F-B0B8E98203FC}.Release|Any CPU.Build.0 = Release|Any CPU
		{994FBDA5-291E-40FA-883D-9BA0FDCA2D9B}.Debug|Any CPU.ActiveCfg = Debug|Any CPU
		{994FBDA5-291E-40FA-883D-9BA0FDCA2D9B}.Debug|Any CPU.Build.0 = Debug|Any CPU
		{994FBDA5-291E-40FA-883D-9BA0FDCA2D9B}.Release|Any CPU.ActiveCfg = Release|Any CPU
		{994FBDA5-291E-40FA-883D-9BA0FDCA2D9B}.Release|Any CPU.Build.0 = Release|Any CPU
		{D551E757-0B2B-4A17-8027-74537A05B8E6}.Debug|Any CPU.ActiveCfg = Debug|Any CPU
		{D551E757-0B2B-4A17-8027-74537A05B8E6}.Debug|Any CPU.Build.0 = Debug|Any CPU
		{D551E757-0B2B-4A17-8027-74537A05B8E6}.Release|Any CPU.ActiveCfg = Release|Any CPU
		{D551E757-0B2B-4A17-8027-74537A05B8E6}.Release|Any CPU.Build.0 = Release|Any CPU
		{B96805F1-DB0B-4C87-AE98-874E829BF441}.Debug|Any CPU.ActiveCfg = Debug|Any CPU
		{B96805F1-DB0B-4C87-AE98-874E829BF441}.Debug|Any CPU.Build.0 = Debug|Any CPU
		{B96805F1-DB0B-4C87-AE98-874E829BF441}.Release|Any CPU.ActiveCfg = Release|Any CPU
		{B96805F1-DB0B-4C87-AE98-874E829BF441}.Release|Any CPU.Build.0 = Release|Any CPU
		{E3DC6994-A714-4C42-9B51-A1E146D26A7B}.Debug|Any CPU.ActiveCfg = Debug|Any CPU
		{E3DC6994-A714-4C42-9B51-A1E146D26A7B}.Debug|Any CPU.Build.0 = Debug|Any CPU
		{E3DC6994-A714-4C42-9B51-A1E146D26A7B}.Release|Any CPU.ActiveCfg = Release|Any CPU
		{E3DC6994-A714-4C42-9B51-A1E146D26A7B}.Release|Any CPU.Build.0 = Release|Any CPU
		{65AC0E8F-5C16-47DE-9749-1624900A5B7B}.Debug|Any CPU.ActiveCfg = Debug|Any CPU
		{65AC0E8F-5C16-47DE-9749-1624900A5B7B}.Debug|Any CPU.Build.0 = Debug|Any CPU
		{65AC0E8F-5C16-47DE-9749-1624900A5B7B}.Release|Any CPU.ActiveCfg = Release|Any CPU
		{65AC0E8F-5C16-47DE-9749-1624900A5B7B}.Release|Any CPU.Build.0 = Release|Any CPU
	EndGlobalSection
	GlobalSection(SolutionProperties) = preSolution
		HideSolutionNode = FALSE
	EndGlobalSection
	GlobalSection(NestedProjects) = preSolution
		{FCC92ADC-DE8D-40F1-9224-EA4F19EA7124} = {38CF0928-843C-4E85-8376-E04E03688740}
		{994FBDA5-291E-40FA-883D-9BA0FDCA2D9B} = {38CF0928-843C-4E85-8376-E04E03688740}
		{D551E757-0B2B-4A17-8027-74537A05B8E6} = {38CF0928-843C-4E85-8376-E04E03688740}
		{B96805F1-DB0B-4C87-AE98-874E829BF441} = {38CF0928-843C-4E85-8376-E04E03688740}
		{E3DC6994-A714-4C42-9B51-A1E146D26A7B} = {38CF0928-843C-4E85-8376-E04E03688740}
		{65AC0E8F-5C16-47DE-9749-1624900A5B7B} = {38CF0928-843C-4E85-8376-E04E03688740}
	EndGlobalSection
EndGlobal
